// !$*UTF8*$!
{
	archiveVersion = 1;
	classes = {
	};
	objectVersion = 56;
	objects = {

/* Begin PBXBuildFile section */
		EF1CA24E2C1F56AC0089DDB9 /* AppDelegate.swift in Sources */ = {isa = PBXBuildFile; fileRef = EF1CA24D2C1F56AC0089DDB9 /* AppDelegate.swift */; };
		EF1CA2502C1F56AC0089DDB9 /* SceneDelegate.swift in Sources */ = {isa = PBXBuildFile; fileRef = EF1CA24F2C1F56AC0089DDB9 /* SceneDelegate.swift */; };
		EF1CA2522C1F56AC0089DDB9 /* ViewController.swift in Sources */ = {isa = PBXBuildFile; fileRef = EF1CA2512C1F56AC0089DDB9 /* ViewController.swift */; };
		EF1CA2552C1F56AC0089DDB9 /* Main.storyboard in Resources */ = {isa = PBXBuildFile; fileRef = EF1CA2532C1F56AC0089DDB9 /* Main.storyboard */; };
		EF1CA2572C1F56AE0089DDB9 /* Assets.xcassets in Resources */ = {isa = PBXBuildFile; fileRef = EF1CA2562C1F56AE0089DDB9 /* Assets.xcassets */; };
		EF1CA25A2C1F56AE0089DDB9 /* LaunchScreen.storyboard in Resources */ = {isa = PBXBuildFile; fileRef = EF1CA2582C1F56AE0089DDB9 /* LaunchScreen.storyboard */; };
		EF1CA2652C1F56AF0089DDB9 /* Flag_Quiz_1Tests.swift in Sources */ = {isa = PBXBuildFile; fileRef = EF1CA2642C1F56AF0089DDB9 /* Flag_Quiz_1Tests.swift */; };
		EF1CA26F2C1F56AF0089DDB9 /* Flag_Quiz_1UITests.swift in Sources */ = {isa = PBXBuildFile; fileRef = EF1CA26E2C1F56AF0089DDB9 /* Flag_Quiz_1UITests.swift */; };
		EF1CA2712C1F56AF0089DDB9 /* Flag_Quiz_1UITestsLaunchTests.swift in Sources */ = {isa = PBXBuildFile; fileRef = EF1CA2702C1F56AF0089DDB9 /* Flag_Quiz_1UITestsLaunchTests.swift */; };
/* End PBXBuildFile section */

/* Begin PBXContainerItemProxy section */
		EF1CA2612C1F56AF0089DDB9 /* PBXContainerItemProxy */ = {
			isa = PBXContainerItemProxy;
			containerPortal = EF1CA2422C1F56AC0089DDB9 /* Project object */;
			proxyType = 1;
			remoteGlobalIDString = EF1CA2492C1F56AC0089DDB9;
			remoteInfo = "Flag_Quiz-1";
		};
		EF1CA26B2C1F56AF0089DDB9 /* PBXContainerItemProxy */ = {
			isa = PBXContainerItemProxy;
			containerPortal = EF1CA2422C1F56AC0089DDB9 /* Project object */;
			proxyType = 1;
			remoteGlobalIDString = EF1CA2492C1F56AC0089DDB9;
			remoteInfo = "Flag_Quiz-1";
		};
/* End PBXContainerItemProxy section */

/* Begin PBXFileReference section */
		EF1CA24A2C1F56AC0089DDB9 /* Flag_Quiz-1.app */ = {isa = PBXFileReference; explicitFileType = wrapper.application; includeInIndex = 0; path = "Flag_Quiz-1.app"; sourceTree = BUILT_PRODUCTS_DIR; };
		EF1CA24D2C1F56AC0089DDB9 /* AppDelegate.swift */ = {isa = PBXFileReference; lastKnownFileType = sourcecode.swift; path = AppDelegate.swift; sourceTree = "<group>"; };
		EF1CA24F2C1F56AC0089DDB9 /* SceneDelegate.swift */ = {isa = PBXFileReference; lastKnownFileType = sourcecode.swift; path = SceneDelegate.swift; sourceTree = "<group>"; };
		EF1CA2512C1F56AC0089DDB9 /* ViewController.swift */ = {isa = PBXFileReference; lastKnownFileType = sourcecode.swift; path = ViewController.swift; sourceTree = "<group>"; };
		EF1CA2542C1F56AC0089DDB9 /* Base */ = {isa = PBXFileReference; lastKnownFileType = file.storyboard; name = Base; path = Base.lproj/Main.storyboard; sourceTree = "<group>"; };
		EF1CA2562C1F56AE0089DDB9 /* Assets.xcassets */ = {isa = PBXFileReference; lastKnownFileType = folder.assetcatalog; path = Assets.xcassets; sourceTree = "<group>"; };
		EF1CA2592C1F56AE0089DDB9 /* Base */ = {isa = PBXFileReference; lastKnownFileType = file.storyboard; name = Base; path = Base.lproj/LaunchScreen.storyboard; sourceTree = "<group>"; };
		EF1CA25B2C1F56AE0089DDB9 /* Info.plist */ = {isa = PBXFileReference; lastKnownFileType = text.plist.xml; path = Info.plist; sourceTree = "<group>"; };
		EF1CA2602C1F56AF0089DDB9 /* Flag_Quiz-1Tests.xctest */ = {isa = PBXFileReference; explicitFileType = wrapper.cfbundle; includeInIndex = 0; path = "Flag_Quiz-1Tests.xctest"; sourceTree = BUILT_PRODUCTS_DIR; };
		EF1CA2642C1F56AF0089DDB9 /* Flag_Quiz_1Tests.swift */ = {isa = PBXFileReference; lastKnownFileType = sourcecode.swift; path = Flag_Quiz_1Tests.swift; sourceTree = "<group>"; };
		EF1CA26A2C1F56AF0089DDB9 /* Flag_Quiz-1UITests.xctest */ = {isa = PBXFileReference; explicitFileType = wrapper.cfbundle; includeInIndex = 0; path = "Flag_Quiz-1UITests.xctest"; sourceTree = BUILT_PRODUCTS_DIR; };
		EF1CA26E2C1F56AF0089DDB9 /* Flag_Quiz_1UITests.swift */ = {isa = PBXFileReference; lastKnownFileType = sourcecode.swift; path = Flag_Quiz_1UITests.swift; sourceTree = "<group>"; };
		EF1CA2702C1F56AF0089DDB9 /* Flag_Quiz_1UITestsLaunchTests.swift */ = {isa = PBXFileReference; lastKnownFileType = sourcecode.swift; path = Flag_Quiz_1UITestsLaunchTests.swift; sourceTree = "<group>"; };
/* End PBXFileReference section */

/* Begin PBXFrameworksBuildPhase section */
		EF1CA2472C1F56AC0089DDB9 /* Frameworks */ = {
			isa = PBXFrameworksBuildPhase;
			buildActionMask = 2147483647;
			files = (
			);
			runOnlyForDeploymentPostprocessing = 0;
		};
		EF1CA25D2C1F56AF0089DDB9 /* Frameworks */ = {
			isa = PBXFrameworksBuildPhase;
			buildActionMask = 2147483647;
			files = (
			);
			runOnlyForDeploymentPostprocessing = 0;
		};
		EF1CA2672C1F56AF0089DDB9 /* Frameworks */ = {
			isa = PBXFrameworksBuildPhase;
			buildActionMask = 2147483647;
			files = (
			);
			runOnlyForDeploymentPostprocessing = 0;
		};
/* End PBXFrameworksBuildPhase section */

/* Begin PBXGroup section */
		EF1CA2412C1F56AC0089DDB9 = {
			isa = PBXGroup;
			children = (
				EF1CA24C2C1F56AC0089DDB9 /* Flag_Quiz-1 */,
				EF1CA2632C1F56AF0089DDB9 /* Flag_Quiz-1Tests */,
				EF1CA26D2C1F56AF0089DDB9 /* Flag_Quiz-1UITests */,
				EF1CA24B2C1F56AC0089DDB9 /* Products */,
			);
			sourceTree = "<group>";
		};
		EF1CA24B2C1F56AC0089DDB9 /* Products */ = {
			isa = PBXGroup;
			children = (
				EF1CA24A2C1F56AC0089DDB9 /* Flag_Quiz-1.app */,
				EF1CA2602C1F56AF0089DDB9 /* Flag_Quiz-1Tests.xctest */,
				EF1CA26A2C1F56AF0089DDB9 /* Flag_Quiz-1UITests.xctest */,
			);
			name = Products;
			sourceTree = "<group>";
		};
		EF1CA24C2C1F56AC0089DDB9 /* Flag_Quiz-1 */ = {
			isa = PBXGroup;
			children = (
				EF1CA24D2C1F56AC0089DDB9 /* AppDelegate.swift */,
				EF1CA24F2C1F56AC0089DDB9 /* SceneDelegate.swift */,
				EF1CA2512C1F56AC0089DDB9 /* ViewController.swift */,
				EF1CA2532C1F56AC0089DDB9 /* Main.storyboard */,
				EF1CA2562C1F56AE0089DDB9 /* Assets.xcassets */,
				EF1CA2582C1F56AE0089DDB9 /* LaunchScreen.storyboard */,
				EF1CA25B2C1F56AE0089DDB9 /* Info.plist */,
			);
			path = "Flag_Quiz-1";
			sourceTree = "<group>";
		};
		EF1CA2632C1F56AF0089DDB9 /* Flag_Quiz-1Tests */ = {
			isa = PBXGroup;
			children = (
				EF1CA2642C1F56AF0089DDB9 /* Flag_Quiz_1Tests.swift */,
			);
			path = "Flag_Quiz-1Tests";
			sourceTree = "<group>";
		};
		EF1CA26D2C1F56AF0089DDB9 /* Flag_Quiz-1UITests */ = {
			isa = PBXGroup;
			children = (
				EF1CA26E2C1F56AF0089DDB9 /* Flag_Quiz_1UITests.swift */,
				EF1CA2702C1F56AF0089DDB9 /* Flag_Quiz_1UITestsLaunchTests.swift */,
			);
			path = "Flag_Quiz-1UITests";
			sourceTree = "<group>";
		};
/* End PBXGroup section */

/* Begin PBXNativeTarget section */
		EF1CA2492C1F56AC0089DDB9 /* Flag_Quiz-1 */ = {
			isa = PBXNativeTarget;
			buildConfigurationList = EF1CA2742C1F56AF0089DDB9 /* Build configuration list for PBXNativeTarget "Flag_Quiz-1" */;
			buildPhases = (
				EF1CA2462C1F56AC0089DDB9 /* Sources */,
				EF1CA2472C1F56AC0089DDB9 /* Frameworks */,
				EF1CA2482C1F56AC0089DDB9 /* Resources */,
			);
			buildRules = (
			);
			dependencies = (
			);
			name = "Flag_Quiz-1";
			productName = "Flag_Quiz-1";
			productReference = EF1CA24A2C1F56AC0089DDB9 /* Flag_Quiz-1.app */;
			productType = "com.apple.product-type.application";
		};
		EF1CA25F2C1F56AF0089DDB9 /* Flag_Quiz-1Tests */ = {
			isa = PBXNativeTarget;
			buildConfigurationList = EF1CA2772C1F56AF0089DDB9 /* Build configuration list for PBXNativeTarget "Flag_Quiz-1Tests" */;
			buildPhases = (
				EF1CA25C2C1F56AF0089DDB9 /* Sources */,
				EF1CA25D2C1F56AF0089DDB9 /* Frameworks */,
				EF1CA25E2C1F56AF0089DDB9 /* Resources */,
			);
			buildRules = (
			);
			dependencies = (
				EF1CA2622C1F56AF0089DDB9 /* PBXTargetDependency */,
			);
			name = "Flag_Quiz-1Tests";
			productName = "Flag_Quiz-1Tests";
			productReference = EF1CA2602C1F56AF0089DDB9 /* Flag_Quiz-1Tests.xctest */;
			productType = "com.apple.product-type.bundle.unit-test";
		};
		EF1CA2692C1F56AF0089DDB9 /* Flag_Quiz-1UITests */ = {
			isa = PBXNativeTarget;
			buildConfigurationList = EF1CA27A2C1F56AF0089DDB9 /* Build configuration list for PBXNativeTarget "Flag_Quiz-1UITests" */;
			buildPhases = (
				EF1CA2662C1F56AF0089DDB9 /* Sources */,
				EF1CA2672C1F56AF0089DDB9 /* Frameworks */,
				EF1CA2682C1F56AF0089DDB9 /* Resources */,
			);
			buildRules = (
			);
			dependencies = (
				EF1CA26C2C1F56AF0089DDB9 /* PBXTargetDependency */,
			);
			name = "Flag_Quiz-1UITests";
			productName = "Flag_Quiz-1UITests";
			productReference = EF1CA26A2C1F56AF0089DDB9 /* Flag_Quiz-1UITests.xctest */;
			productType = "com.apple.product-type.bundle.ui-testing";
		};
/* End PBXNativeTarget section */

/* Begin PBXProject section */
		EF1CA2422C1F56AC0089DDB9 /* Project object */ = {
			isa = PBXProject;
			attributes = {
				BuildIndependentTargetsInParallel = 1;
				LastSwiftUpdateCheck = 1430;
				LastUpgradeCheck = 1430;
				TargetAttributes = {
					EF1CA2492C1F56AC0089DDB9 = {
						CreatedOnToolsVersion = 14.3.1;
					};
					EF1CA25F2C1F56AF0089DDB9 = {
						CreatedOnToolsVersion = 14.3.1;
						TestTargetID = EF1CA2492C1F56AC0089DDB9;
					};
					EF1CA2692C1F56AF0089DDB9 = {
						CreatedOnToolsVersion = 14.3.1;
						TestTargetID = EF1CA2492C1F56AC0089DDB9;
					};
				};
			};
			buildConfigurationList = EF1CA2452C1F56AC0089DDB9 /* Build configuration list for PBXProject "Flag_Quiz-1" */;
			compatibilityVersion = "Xcode 14.0";
			developmentRegion = en;
			hasScannedForEncodings = 0;
			knownRegions = (
				en,
				Base,
			);
			mainGroup = EF1CA2412C1F56AC0089DDB9;
			productRefGroup = EF1CA24B2C1F56AC0089DDB9 /* Products */;
			projectDirPath = "";
			projectRoot = "";
			targets = (
				EF1CA2492C1F56AC0089DDB9 /* Flag_Quiz-1 */,
				EF1CA25F2C1F56AF0089DDB9 /* Flag_Quiz-1Tests */,
				EF1CA2692C1F56AF0089DDB9 /* Flag_Quiz-1UITests */,
			);
		};
/* End PBXProject section */

/* Begin PBXResourcesBuildPhase section */
		EF1CA2482C1F56AC0089DDB9 /* Resources */ = {
			isa = PBXResourcesBuildPhase;
			buildActionMask = 2147483647;
			files = (
				EF1CA25A2C1F56AE0089DDB9 /* LaunchScreen.storyboard in Resources */,
				EF1CA2572C1F56AE0089DDB9 /* Assets.xcassets in Resources */,
				EF1CA2552C1F56AC0089DDB9 /* Main.storyboard in Resources */,
			);
			runOnlyForDeploymentPostprocessing = 0;
		};
		EF1CA25E2C1F56AF0089DDB9 /* Resources */ = {
			isa = PBXResourcesBuildPhase;
			buildActionMask = 2147483647;
			files = (
			);
			runOnlyForDeploymentPostprocessing = 0;
		};
		EF1CA2682C1F56AF0089DDB9 /* Resources */ = {
			isa = PBXResourcesBuildPhase;
			buildActionMask = 2147483647;
			files = (
			);
			runOnlyForDeploymentPostprocessing = 0;
		};
/* End PBXResourcesBuildPhase section */

/* Begin PBXSourcesBuildPhase section */
		EF1CA2462C1F56AC0089DDB9 /* Sources */ = {
			isa = PBXSourcesBuildPhase;
			buildActionMask = 2147483647;
			files = (
				EF1CA2522C1F56AC0089DDB9 /* ViewController.swift in Sources */,
				EF1CA24E2C1F56AC0089DDB9 /* AppDelegate.swift in Sources */,
				EF1CA2502C1F56AC0089DDB9 /* SceneDelegate.swift in Sources */,
			);
			runOnlyForDeploymentPostprocessing = 0;
		};
		EF1CA25C2C1F56AF0089DDB9 /* Sources */ = {
			isa = PBXSourcesBuildPhase;
			buildActionMask = 2147483647;
			files = (
				EF1CA2652C1F56AF0089DDB9 /* Flag_Quiz_1Tests.swift in Sources */,
			);
			runOnlyForDeploymentPostprocessing = 0;
		};
		EF1CA2662C1F56AF0089DDB9 /* Sources */ = {
			isa = PBXSourcesBuildPhase;
			buildActionMask = 2147483647;
			files = (
				EF1CA26F2C1F56AF0089DDB9 /* Flag_Quiz_1UITests.swift in Sources */,
				EF1CA2712C1F56AF0089DDB9 /* Flag_Quiz_1UITestsLaunchTests.swift in Sources */,
			);
			runOnlyForDeploymentPostprocessing = 0;
		};
/* End PBXSourcesBuildPhase section */

/* Begin PBXTargetDependency section */
		EF1CA2622C1F56AF0089DDB9 /* PBXTargetDependency */ = {
			isa = PBXTargetDependency;
			target = EF1CA2492C1F56AC0089DDB9 /* Flag_Quiz-1 */;
			targetProxy = EF1CA2612C1F56AF0089DDB9 /* PBXContainerItemProxy */;
		};
		EF1CA26C2C1F56AF0089DDB9 /* PBXTargetDependency */ = {
			isa = PBXTargetDependency;
			target = EF1CA2492C1F56AC0089DDB9 /* Flag_Quiz-1 */;
			targetProxy = EF1CA26B2C1F56AF0089DDB9 /* PBXContainerItemProxy */;
		};
/* End PBXTargetDependency section */

/* Begin PBXVariantGroup section */
		EF1CA2532C1F56AC0089DDB9 /* Main.storyboard */ = {
			isa = PBXVariantGroup;
			children = (
				EF1CA2542C1F56AC0089DDB9 /* Base */,
			);
			name = Main.storyboard;
			sourceTree = "<group>";
		};
		EF1CA2582C1F56AE0089DDB9 /* LaunchScreen.storyboard */ = {
			isa = PBXVariantGroup;
			children = (
				EF1CA2592C1F56AE0089DDB9 /* Base */,
			);
			name = LaunchScreen.storyboard;
			sourceTree = "<group>";
		};
/* End PBXVariantGroup section */

/* Begin XCBuildConfiguration section */
		EF1CA2722C1F56AF0089DDB9 /* Debug */ = {
			isa = XCBuildConfiguration;
			buildSettings = {
				ALWAYS_SEARCH_USER_PATHS = NO;
				CLANG_ANALYZER_NONNULL = YES;
				CLANG_ANALYZER_NUMBER_OBJECT_CONVERSION = YES_AGGRESSIVE;
				CLANG_CXX_LANGUAGE_STANDARD = "gnu++20";
				CLANG_ENABLE_MODULES = YES;
				CLANG_ENABLE_OBJC_ARC = YES;
				CLANG_ENABLE_OBJC_WEAK = YES;
				CLANG_WARN_BLOCK_CAPTURE_AUTORELEASING = YES;
				CLANG_WARN_BOOL_CONVERSION = YES;
				CLANG_WARN_COMMA = YES;
				CLANG_WARN_CONSTANT_CONVERSION = YES;
				CLANG_WARN_DEPRECATED_OBJC_IMPLEMENTATIONS = YES;
				CLANG_WARN_DIRECT_OBJC_ISA_USAGE = YES_ERROR;
				CLANG_WARN_DOCUMENTATION_COMMENTS = YES;
				CLANG_WARN_EMPTY_BODY = YES;
				CLANG_WARN_ENUM_CONVERSION = YES;
				CLANG_WARN_INFINITE_RECURSION = YES;
				CLANG_WARN_INT_CONVERSION = YES;
				CLANG_WARN_NON_LITERAL_NULL_CONVERSION = YES;
				CLANG_WARN_OBJC_IMPLICIT_RETAIN_SELF = YES;
				CLANG_WARN_OBJC_LITERAL_CONVERSION = YES;
				CLANG_WARN_OBJC_ROOT_CLASS = YES_ERROR;
				CLANG_WARN_QUOTED_INCLUDE_IN_FRAMEWORK_HEADER = YES;
				CLANG_WARN_RANGE_LOOP_ANALYSIS = YES;
				CLANG_WARN_STRICT_PROTOTYPES = YES;
				CLANG_WARN_SUSPICIOUS_MOVE = YES;
				CLANG_WARN_UNGUARDED_AVAILABILITY = YES_AGGRESSIVE;
				CLANG_WARN_UNREACHABLE_CODE = YES;
				CLANG_WARN__DUPLICATE_METHOD_MATCH = YES;
				COPY_PHASE_STRIP = NO;
				DEBUG_INFORMATION_FORMAT = dwarf;
				ENABLE_STRICT_OBJC_MSGSEND = YES;
				ENABLE_TESTABILITY = YES;
				GCC_C_LANGUAGE_STANDARD = gnu11;
				GCC_DYNAMIC_NO_PIC = NO;
				GCC_NO_COMMON_BLOCKS = YES;
				GCC_OPTIMIZATION_LEVEL = 0;
				GCC_PREPROCESSOR_DEFINITIONS = (
					"DEBUG=1",
					"$(inherited)",
				);
				GCC_WARN_64_TO_32_BIT_CONVERSION = YES;
				GCC_WARN_ABOUT_RETURN_TYPE = YES_ERROR;
				GCC_WARN_UNDECLARED_SELECTOR = YES;
				GCC_WARN_UNINITIALIZED_AUTOS = YES_AGGRESSIVE;
				GCC_WARN_UNUSED_FUNCTION = YES;
				GCC_WARN_UNUSED_VARIABLE = YES;
				IPHONEOS_DEPLOYMENT_TARGET = 16.4;
				MTL_ENABLE_DEBUG_INFO = INCLUDE_SOURCE;
				MTL_FAST_MATH = YES;
				ONLY_ACTIVE_ARCH = YES;
				SDKROOT = iphoneos;
				SWIFT_ACTIVE_COMPILATION_CONDITIONS = DEBUG;
				SWIFT_OPTIMIZATION_LEVEL = "-Onone";
			};
			name = Debug;
		};
		EF1CA2732C1F56AF0089DDB9 /* Release */ = {
			isa = XCBuildConfiguration;
			buildSettings = {
				ALWAYS_SEARCH_USER_PATHS = NO;
				CLANG_ANALYZER_NONNULL = YES;
				CLANG_ANALYZER_NUMBER_OBJECT_CONVERSION = YES_AGGRESSIVE;
				CLANG_CXX_LANGUAGE_STANDARD = "gnu++20";
				CLANG_ENABLE_MODULES = YES;
				CLANG_ENABLE_OBJC_ARC = YES;
				CLANG_ENABLE_OBJC_WEAK = YES;
				CLANG_WARN_BLOCK_CAPTURE_AUTORELEASING = YES;
				CLANG_WARN_BOOL_CONVERSION = YES;
				CLANG_WARN_COMMA = YES;
				CLANG_WARN_CONSTANT_CONVERSION = YES;
				CLANG_WARN_DEPRECATED_OBJC_IMPLEMENTATIONS = YES;
				CLANG_WARN_DIRECT_OBJC_ISA_USAGE = YES_ERROR;
				CLANG_WARN_DOCUMENTATION_COMMENTS = YES;
				CLANG_WARN_EMPTY_BODY = YES;
				CLANG_WARN_ENUM_CONVERSION = YES;
				CLANG_WARN_INFINITE_RECURSION = YES;
				CLANG_WARN_INT_CONVERSION = YES;
				CLANG_WARN_NON_LITERAL_NULL_CONVERSION = YES;
				CLANG_WARN_OBJC_IMPLICIT_RETAIN_SELF = YES;
				CLANG_WARN_OBJC_LITERAL_CONVERSION = YES;
				CLANG_WARN_OBJC_ROOT_CLASS = YES_ERROR;
				CLANG_WARN_QUOTED_INCLUDE_IN_FRAMEWORK_HEADER = YES;
				CLANG_WARN_RANGE_LOOP_ANALYSIS = YES;
				CLANG_WARN_STRICT_PROTOTYPES = YES;
				CLANG_WARN_SUSPICIOUS_MOVE = YES;
				CLANG_WARN_UNGUARDED_AVAILABILITY = YES_AGGRESSIVE;
				CLANG_WARN_UNREACHABLE_CODE = YES;
				CLANG_WARN__DUPLICATE_METHOD_MATCH = YES;
				COPY_PHASE_STRIP = NO;
				DEBUG_INFORMATION_FORMAT = "dwarf-with-dsym";
				ENABLE_NS_ASSERTIONS = NO;
				ENABLE_STRICT_OBJC_MSGSEND = YES;
				GCC_C_LANGUAGE_STANDARD = gnu11;
				GCC_NO_COMMON_BLOCKS = YES;
				GCC_WARN_64_TO_32_BIT_CONVERSION = YES;
				GCC_WARN_ABOUT_RETURN_TYPE = YES_ERROR;
				GCC_WARN_UNDECLARED_SELECTOR = YES;
				GCC_WARN_UNINITIALIZED_AUTOS = YES_AGGRESSIVE;
				GCC_WARN_UNUSED_FUNCTION = YES;
				GCC_WARN_UNUSED_VARIABLE = YES;
				IPHONEOS_DEPLOYMENT_TARGET = 16.4;
				MTL_ENABLE_DEBUG_INFO = NO;
				MTL_FAST_MATH = YES;
				SDKROOT = iphoneos;
				SWIFT_COMPILATION_MODE = wholemodule;
				SWIFT_OPTIMIZATION_LEVEL = "-O";
				VALIDATE_PRODUCT = YES;
			};
			name = Release;
		};
		EF1CA2752C1F56AF0089DDB9 /* Debug */ = {
			isa = XCBuildConfiguration;
			buildSettings = {
				ASSETCATALOG_COMPILER_APPICON_NAME = AppIcon;
				ASSETCATALOG_COMPILER_GLOBAL_ACCENT_COLOR_NAME = AccentColor;
				CODE_SIGN_STYLE = Automatic;
				CURRENT_PROJECT_VERSION = 1;
				GENERATE_INFOPLIST_FILE = YES;
				INFOPLIST_FILE = "Flag_Quiz-1/Info.plist";
				INFOPLIST_KEY_UIApplicationSupportsIndirectInputEvents = YES;
				INFOPLIST_KEY_UILaunchStoryboardName = LaunchScreen;
				INFOPLIST_KEY_UIMainStoryboardFile = Main;
				INFOPLIST_KEY_UISupportedInterfaceOrientations_iPad = "UIInterfaceOrientationPortrait UIInterfaceOrientationPortraitUpsideDown UIInterfaceOrientationLandscapeLeft UIInterfaceOrientationLandscapeRight";
				INFOPLIST_KEY_UISupportedInterfaceOrientations_iPhone = "UIInterfaceOrientationPortrait UIInterfaceOrientationLandscapeLeft UIInterfaceOrientationLandscapeRight";
				LD_RUNPATH_SEARCH_PATHS = (
					"$(inherited)",
					"@executable_path/Frameworks",
				);
				MARKETING_VERSION = 1.0;
				PRODUCT_BUNDLE_IDENTIFIER = "com.sumit.Flag-Quiz-1";
				PRODUCT_NAME = "$(TARGET_NAME)";
				SWIFT_EMIT_LOC_STRINGS = YES;
				SWIFT_VERSION = 5.0;
				TARGETED_DEVICE_FAMILY = "1,2";
			};
			name = Debug;
		};
		EF1CA2762C1F56AF0089DDB9 /* Release */ = {
			isa = XCBuildConfiguration;
			buildSettings = {
				ASSETCATALOG_COMPILER_APPICON_NAME = AppIcon;
				ASSETCATALOG_COMPILER_GLOBAL_ACCENT_COLOR_NAME = AccentColor;
				CODE_SIGN_STYLE = Automatic;
				CURRENT_PROJECT_VERSION = 1;
				GENERATE_INFOPLIST_FILE = YES;
				INFOPLIST_FILE = "Flag_Quiz-1/Info.plist";
				INFOPLIST_KEY_UIApplicationSupportsIndirectInputEvents = YES;
				INFOPLIST_KEY_UILaunchStoryboardName = LaunchScreen;
				INFOPLIST_KEY_UIMainStoryboardFile = Main;
				INFOPLIST_KEY_UISupportedInterfaceOrientations_iPad = "UIInterfaceOrientationPortrait UIInterfaceOrientationPortraitUpsideDown UIInterfaceOrientationLandscapeLeft UIInterfaceOrientationLandscapeRight";
				INFOPLIST_KEY_UISupportedInterfaceOrientations_iPhone = "UIInterfaceOrientationPortrait UIInterfaceOrientationLandscapeLeft UIInterfaceOrientationLandscapeRight";
				LD_RUNPATH_SEARCH_PATHS = (
					"$(inherited)",
					"@executable_path/Frameworks",
				);
				MARKETING_VERSION = 1.0;
				PRODUCT_BUNDLE_IDENTIFIER = "com.sumit.Flag-Quiz-1";
				PRODUCT_NAME = "$(TARGET_NAME)";
				SWIFT_EMIT_LOC_STRINGS = YES;
				SWIFT_VERSION = 5.0;
				TARGETED_DEVICE_FAMILY = "1,2";
			};
			name = Release;
		};
		EF1CA2782C1F56AF0089DDB9 /* Debug */ = {
			isa = XCBuildConfiguration;
			buildSettings = {
				ALWAYS_EMBED_SWIFT_STANDARD_LIBRARIES = YES;
				BUNDLE_LOADER = "$(TEST_HOST)";
				CODE_SIGN_STYLE = Automatic;
				CURRENT_PROJECT_VERSION = 1;
				GENERATE_INFOPLIST_FILE = YES;
				IPHONEOS_DEPLOYMENT_TARGET = 16.4;
				MARKETING_VERSION = 1.0;
				PRODUCT_BUNDLE_IDENTIFIER = "com.sumit.Flag-Quiz-1Tests";
				PRODUCT_NAME = "$(TARGET_NAME)";
				SWIFT_EMIT_LOC_STRINGS = NO;
				SWIFT_VERSION = 5.0;
				TARGETED_DEVICE_FAMILY = "1,2";
				TEST_HOST = "$(BUILT_PRODUCTS_DIR)/Flag_Quiz-1.app/$(BUNDLE_EXECUTABLE_FOLDER_PATH)/Flag_Quiz-1";
			};
			name = Debug;
		};
		EF1CA2792C1F56AF0089DDB9 /* Release */ = {
			isa = XCBuildConfiguration;
			buildSettings = {
				ALWAYS_EMBED_SWIFT_STANDARD_LIBRARIES = YES;
				BUNDLE_LOADER = "$(TEST_HOST)";
				CODE_SIGN_STYLE = Automatic;
				CURRENT_PROJECT_VERSION = 1;
				GENERATE_INFOPLIST_FILE = YES;
				IPHONEOS_DEPLOYMENT_TARGET = 16.4;
				MARKETING_VERSION = 1.0;
				PRODUCT_BUNDLE_IDENTIFIER = "com.sumit.Flag-Quiz-1Tests";
				PRODUCT_NAME = "$(TARGET_NAME)";
				SWIFT_EMIT_LOC_STRINGS = NO;
				SWIFT_VERSION = 5.0;
				TARGETED_DEVICE_FAMILY = "1,2";
				TEST_HOST = "$(BUILT_PRODUCTS_DIR)/Flag_Quiz-1.app/$(BUNDLE_EXECUTABLE_FOLDER_PATH)/Flag_Quiz-1";
			};
			name = Release;
		};
		EF1CA27B2C1F56AF0089DDB9 /* Debug */ = {
			isa = XCBuildConfiguration;
			buildSettings = {
				ALWAYS_EMBED_SWIFT_STANDARD_LIBRARIES = YES;
				CODE_SIGN_STYLE = Automatic;
				CURRENT_PROJECT_VERSION = 1;
				GENERATE_INFOPLIST_FILE = YES;
				MARKETING_VERSION = 1.0;
				PRODUCT_BUNDLE_IDENTIFIER = "com.sumit.Flag-Quiz-1UITests";
				PRODUCT_NAME = "$(TARGET_NAME)";
				SWIFT_EMIT_LOC_STRINGS = NO;
				SWIFT_VERSION = 5.0;
				TARGETED_DEVICE_FAMILY = "1,2";
				TEST_TARGET_NAME = "Flag_Quiz-1";
			};
			name = Debug;
		};
		EF1CA27C2C1F56AF0089DDB9 /* Release */ = {
			isa = XCBuildConfiguration;
			buildSettings = {
				ALWAYS_EMBED_SWIFT_STANDARD_LIBRARIES = YES;
				CODE_SIGN_STYLE = Automatic;
				CURRENT_PROJECT_VERSION = 1;
				GENERATE_INFOPLIST_FILE = YES;
				MARKETING_VERSION = 1.0;
				PRODUCT_BUNDLE_IDENTIFIER = "com.sumit.Flag-Quiz-1UITests";
				PRODUCT_NAME = "$(TARGET_NAME)";
				SWIFT_EMIT_LOC_STRINGS = NO;
				SWIFT_VERSION = 5.0;
				TARGETED_DEVICE_FAMILY = "1,2";
				TEST_TARGET_NAME = "Flag_Quiz-1";
			};
			name = Release;
		};
/* End XCBuildConfiguration section */

/* Begin XCConfigurationList section */
		EF1CA2452C1F56AC0089DDB9 /* Build configuration list for PBXProject "Flag_Quiz-1" */ = {
			isa = XCConfigurationList;
			buildConfigurations = (
				EF1CA2722C1F56AF0089DDB9 /* Debug */,
				EF1CA2732C1F56AF0089DDB9 /* Release */,
			);
			defaultConfigurationIsVisible = 0;
			defaultConfigurationName = Release;
		};
		EF1CA2742C1F56AF0089DDB9 /* Build configuration list for PBXNativeTarget "Flag_Quiz-1" */ = {
			isa = XCConfigurationList;
			buildConfigurations = (
				EF1CA2752C1F56AF0089DDB9 /* Debug */,
				EF1CA2762C1F56AF0089DDB9 /* Release */,
			);
			defaultConfigurationIsVisible = 0;
			defaultConfigurationName = Release;
		};
		EF1CA2772C1F56AF0089DDB9 /* Build configuration list for PBXNativeTarget "Flag_Quiz-1Tests" */ = {
			isa = XCConfigurationList;
			buildConfigurations = (
				EF1CA2782C1F56AF0089DDB9 /* Debug */,
				EF1CA2792C1F56AF0089DDB9 /* Release */,
			);
			defaultConfigurationIsVisible = 0;
			defaultConfigurationName = Release;
		};
		EF1CA27A2C1F56AF0089DDB9 /* Build configuration list for PBXNativeTarget "Flag_Quiz-1UITests" */ = {
			isa = XCConfigurationList;
			buildConfigurations = (
				EF1CA27B2C1F56AF0089DDB9 /* Debug */,
				EF1CA27C2C1F56AF0089DDB9 /* Release */,
			);
			defaultConfigurationIsVisible = 0;
			defaultConfigurationName = Release;
		};
/* End XCConfigurationList section */
	};
	rootObject = EF1CA2422C1F56AC0089DDB9 /* Project object */;
}
